
Microsoft Visual Studio Solution File, Format Version 12.00
# Visual Studio Version 16
VisualStudioVersion = 16.0.30517.126
MinimumVisualStudioVersion = 10.0.40219.1
Project("{FAE04EC0-301F-11D3-BF4B-00C04F79EFBC}") = "ConsoleApp", "ConsoleApp\ConsoleApp.csproj", "{FD4A0604-F09A-495C-8FF4-B4123B731D63}"
EndProject
Project("{FAE04EC0-301F-11D3-BF4B-00C04F79EFBC}") = "PrepareDataSet", "PrepareDataSet\PrepareDataSet.csproj", "{ECBFA78A-7E33-4981-A893-0E46CA8B4D2F}"
EndProject
Project("{FAE04EC0-301F-11D3-BF4B-00C04F79EFBC}") = "DrawExperiment", "DrawExperiment\DrawExperiment.csproj", "{E669D74A-9903-4341-9764-297CB8366AB0}"
EndProject
Global
	GlobalSection(SolutionConfigurationPlatforms) = preSolution
		Debug|Any CPU = Debug|Any CPU
		Release|Any CPU = Release|Any CPU
	EndGlobalSection
	GlobalSection(ProjectConfigurationPlatforms) = postSolution
		{FD4A0604-F09A-495C-8FF4-B4123B731D63}.Debug|Any CPU.ActiveCfg = Debug|Any CPU
		{FD4A0604-F09A-495C-8FF4-B4123B731D63}.Debug|Any CPU.Build.0 = Debug|Any CPU
		{FD4A0604-F09A-495C-8FF4-B4123B731D63}.Release|Any CPU.ActiveCfg = Release|Any CPU
		{FD4A0604-F09A-495C-8FF4-B4123B731D63}.Release|Any CPU.Build.0 = Release|Any CPU
		{ECBFA78A-7E33-4981-A893-0E46CA8B4D2F}.Debug|Any CPU.ActiveCfg = Debug|Any CPU
		{ECBFA78A-7E33-4981-A893-0E46CA8B4D2F}.Debug|Any CPU.Build.0 = Debug|Any CPU
		{ECBFA78A-7E33-4981-A893-0E46CA8B4D2F}.Release|Any CPU.ActiveCfg = Release|Any CPU
		{ECBFA78A-7E33-4981-A893-0E46CA8B4D2F}.Release|Any CPU.Build.0 = Release|Any CPU
		{E669D74A-9903-4341-9764-297CB8366AB0}.Debug|Any CPU.ActiveCfg = Debug|Any CPU
		{E669D74A-9903-4341-9764-297CB8366AB0}.Debug|Any CPU.Build.0 = Debug|Any CPU
		{E669D74A-9903-4341-9764-297CB8366AB0}.Release|Any CPU.ActiveCfg = Release|Any CPU
		{E669D74A-9903-4341-9764-297CB8366AB0}.Release|Any CPU.Build.0 = Release|Any CPU
	EndGlobalSection
	GlobalSection(SolutionProperties) = preSolution
		HideSolutionNode = FALSE
	EndGlobalSection
	GlobalSection(ExtensibilityGlobals) = postSolution
		SolutionGuid = {207F5F98-AAF3-45C1-A15B-4C4D744A1AD7}
	EndGlobalSection
EndGlobal
